
Microsoft Visual Studio Solution File, Format Version 12.00
# Visual Studio 15
VisualStudioVersion = 15.0.28307.168
MinimumVisualStudioVersion = 10.0.40219.1
Project("{FAE04EC0-301F-11D3-BF4B-00C04F79EFBC}") = "snake", "snake\snake.csproj", "{4EFB1628-97E7-43BA-8646-423A3754974A}"
EndProject
Global
	GlobalSection(SolutionConfigurationPlatforms) = preSolution
		Debug|Any CPU = Debug|Any CPU
		Release|Any CPU = Release|Any CPU
	EndGlobalSection
	GlobalSection(ProjectConfigurationPlatforms) = postSolution
		{4EFB1628-97E7-43BA-8646-423A3754974A}.Debug|Any CPU.ActiveCfg = Debug|Any CPU
		{4EFB1628-97E7-43BA-8646-423A3754974A}.Debug|Any CPU.Build.0 = Debug|Any CPU
		{4EFB1628-97E7-43BA-8646-423A3754974A}.Release|Any CPU.ActiveCfg = Release|Any CPU
		{4EFB1628-97E7-43BA-8646-423A3754974A}.Release|Any CPU.Build.0 = Release|Any CPU
	EndGlobalSection
	GlobalSection(SolutionProperties) = preSolution
		HideSolutionNode = FALSE
	EndGlobalSection
	GlobalSection(ExtensibilityGlobals) = postSolution
		SolutionGuid = {56796181-DEB7-4682-BE8A-E3AEE10C3BCB}
	EndGlobalSection
EndGlobal
