
Microsoft Visual Studio Solution File, Format Version 12.00
# Visual Studio 15
VisualStudioVersion = 15.0.28307.168
MinimumVisualStudioVersion = 10.0.40219.1
Project("{FAE04EC0-301F-11D3-BF4B-00C04F79EFBC}") = "snakee", "snakee\snakee.csproj", "{7EB7115C-0D12-45F6-BAA6-9F9022B6902D}"
EndProject
Global
	GlobalSection(SolutionConfigurationPlatforms) = preSolution
		Debug|Any CPU = Debug|Any CPU
		Release|Any CPU = Release|Any CPU
	EndGlobalSection
	GlobalSection(ProjectConfigurationPlatforms) = postSolution
		{7EB7115C-0D12-45F6-BAA6-9F9022B6902D}.Debug|Any CPU.ActiveCfg = Debug|Any CPU
		{7EB7115C-0D12-45F6-BAA6-9F9022B6902D}.Debug|Any CPU.Build.0 = Debug|Any CPU
		{7EB7115C-0D12-45F6-BAA6-9F9022B6902D}.Release|Any CPU.ActiveCfg = Release|Any CPU
		{7EB7115C-0D12-45F6-BAA6-9F9022B6902D}.Release|Any CPU.Build.0 = Release|Any CPU
	EndGlobalSection
	GlobalSection(SolutionProperties) = preSolution
		HideSolutionNode = FALSE
	EndGlobalSection
	GlobalSection(ExtensibilityGlobals) = postSolution
		SolutionGuid = {6667B3D5-275B-4F5F-800C-2919FBA4FC5B}
	EndGlobalSection
EndGlobal
